# THIS IS AN AUTOGENERATED FILE. DO NOT EDIT THIS FILE DIRECTLY.
# yarn lockfile v1


"3d-core-raub@2.1.2":
  version "2.1.2"
  resolved "https://registry.yarnpkg.com/3d-core-raub/-/3d-core-raub-2.1.2.tgz#a9d2a49f33683a848d6bd7c13f530dd41500d3fd"
  integrity sha512-1+badVFxsqGaKt8XNQNma47ClqcuzpLnXyAOehTiYybvS3HjWLVVlGipXu/hbloy/26z76aBI3VcjYxsCmlpfQ==
  dependencies:
    glfw-raub "3.1.3"
    image-raub "2.1.0"
    threejs-raub "0.101.0"
    webgl-raub "1.3.0"

"@babel/runtime@^7.0.0", "@babel/runtime@^7.3.1":
  version "7.5.5"
  resolved "https://registry.yarnpkg.com/@babel/runtime/-/runtime-7.5.5.tgz#74fba56d35efbeca444091c7850ccd494fd2f132"
  integrity sha512-28QvEGyQyNkB0/m2B4FU7IEZGK2NUrcMtT6BZEFALTguLk+AUT6ofsHtPk5QyjAdUkpMJ+/Em+quwz4HOt30AQ==
  dependencies:
    regenerator-runtime "^0.13.2"

"@deck.gl/core@^7.2.0-beta.2":
  version "7.2.0-beta.2"
  resolved "https://registry.yarnpkg.com/@deck.gl/core/-/core-7.2.0-beta.2.tgz#919ae1c4da93dc33125bfd1074c181f2b515faf3"
  integrity sha512-oQ3W7zvF0P2jsUD9ReyqDVkXjzmotxK+77gMZTPb/vSbAg7VA0ngtErJEVBlzGX1BVw+wNVCad3BuhprLG1esA==
  dependencies:
    "@loaders.gl/core" "^1.1.6"
    "@loaders.gl/images" "^1.1.6"
    "@luma.gl/core" "^7.2.0-beta.1"
    gl-matrix "^3.0.0"
    math.gl "^2.3.0"
    mjolnir.js "^2.1.2"
    probe.gl "^3.0.2"
    seer "^0.2.4"
    viewport-mercator-project "^6.1.0"

"@deck.gl/layers@^7.2.0-beta.2":
  version "7.2.0-beta.2"
  resolved "https://registry.yarnpkg.com/@deck.gl/layers/-/layers-7.2.0-beta.2.tgz#e01fe817ce4ff68641e52f1116203c5aa233d1bb"
  integrity sha512-wwGK/hAkMcPa4ZyzK7cVdD+nVFyg1qiFL/ZL3+pHz1BRqvWaDPjOielfaAnQQSR8Hr9WeyIblhRYkZjgLuWyoA==
  dependencies:
    "@loaders.gl/images" "^1.1.6"
    "@mapbox/tiny-sdf" "^1.1.0"
    earcut "^2.0.6"

"@loaders.gl/core@1.1.6", "@loaders.gl/core@^1.1.6":
  version "1.1.6"
  resolved "https://registry.yarnpkg.com/@loaders.gl/core/-/core-1.1.6.tgz#6963e14e93663d9582238f39e70607b01a172c36"
  integrity sha512-/byPhredVzkxAMVR8CAaD8uzB72p6/pWAmgkvZmDeI7dHrCiQGt59EolmTJoQ5c50FMAFKQ75tidXor7D+fObA==
  dependencies:
    "@babel/runtime" "^7.3.1"

"@loaders.gl/gltf@^1.0.3":
  version "1.1.6"
  resolved "https://registry.yarnpkg.com/@loaders.gl/gltf/-/gltf-1.1.6.tgz#12f7c643c3754dab5aad6f3f0e4e790b40328381"
  integrity sha512-a/vq8ExY+KEI+q861bGGQ3ULJXutwcKr2z5/ewlX6IV3D4ua081yeA+lLdU7GcYrmoqFBPBIqcptcayALFGhsg==
  dependencies:
    "@loaders.gl/core" "1.1.6"
    "@loaders.gl/images" "1.1.6"
    "@loaders.gl/loader-utils" "1.1.6"

"@loaders.gl/images@1.1.6", "@loaders.gl/images@^1.1.6":
  version "1.1.6"
  resolved "https://registry.yarnpkg.com/@loaders.gl/images/-/images-1.1.6.tgz#21dd3238c97ad1164f7c0ed43d18edaec49d97e1"
  integrity sha512-Ad63Uj0VGzmA71ucThnyc+VYsJJKZqYKkmANsQDDFe8p9UiR8JaI8DNLTJCfEtusyl5KVBWzWIdqXGPoT2uLWA==

"@loaders.gl/loader-utils@1.1.6":
  version "1.1.6"
  resolved "https://registry.yarnpkg.com/@loaders.gl/loader-utils/-/loader-utils-1.1.6.tgz#8379227280f08156a1f6f900fa45122c6fdbfb9c"
  integrity sha512-Ny/B2jkLAd9NilyzJVcmSDZuewAvumCpKE0pE3qh+tBWoQxQHKX0UtFsPWbPDaRIyudcj/N7jXrd7pvsBlXq5A==
  dependencies:
    "@babel/runtime" "^7.3.1"

"@luma.gl/addons@^7.2.0-beta.1":
  version "7.2.0-beta.1"
  resolved "https://registry.yarnpkg.com/@luma.gl/addons/-/addons-7.2.0-beta.1.tgz#770dd884612f8d9651f000c60a3d0fd58c623434"
  integrity sha512-9eUZYhhVtln/c4i8xa+ZGZ5DvCHvSqRaCWj07XFTIQvhhkf0a6AUxxjPBN/b8RO2HRP0K9IBLJr0CELBNQqhcQ==
  dependencies:
    "@loaders.gl/gltf" "^1.0.3"
    "@luma.gl/constants" "7.2.0-beta.1"
    math.gl "^2.3.0"

"@luma.gl/constants@7.2.0-beta.1", "@luma.gl/constants@^7.2.0-beta.1":
  version "7.2.0-beta.1"
  resolved "https://registry.yarnpkg.com/@luma.gl/constants/-/constants-7.2.0-beta.1.tgz#115072f92861d12132193dbbe1a1164811a9339c"
  integrity sha512-WD8iGmQ5RHGbTneZrilMn8wtTArHpYgTWihxO+WW3SnkofpLToKFJCUkI9/a1A7/WZd5OvG0128Miz4oIjZ/zQ==

"@luma.gl/core@^7.2.0-beta.1":
  version "7.2.0-beta.1"
  resolved "https://registry.yarnpkg.com/@luma.gl/core/-/core-7.2.0-beta.1.tgz#b671d33a70cb4ea0817acf11988d36e5d9ba586e"
  integrity sha512-lUcLaEMqOrpJFf6MBrFirb/8OPifutuOSjFXo2+rOD571d1Cxoqwctzb2SJmaCDAX0A1gL0/cTlsdFveWTgpyw==
  dependencies:
    "@babel/runtime" "^7.0.0"
    "@luma.gl/constants" "7.2.0-beta.1"
    "@luma.gl/shadertools" "7.2.0-beta.1"
    "@luma.gl/webgl" "7.2.0-beta.1"
    "@luma.gl/webgl-state-tracker" "7.2.0-beta.1"
    "@luma.gl/webgl2-polyfill" "7.2.0-beta.1"
    math.gl "^2.3.0"
    probe.gl "^3.0.2"
    seer "^0.2.4"

"@luma.gl/shadertools@7.2.0-beta.1":
  version "7.2.0-beta.1"
  resolved "https://registry.yarnpkg.com/@luma.gl/shadertools/-/shadertools-7.2.0-beta.1.tgz#ecc969522ad7992b983aef2657fd4e7d5d12a803"
  integrity sha512-4OJKBY1f4eX1pDxJ2QvKlbZAFoqG+nLSYbum4auwVmL3Ij8eSTlRm+FPWPZcdEfHwXyikvCyUAYlxxI8V01cXw==
  dependencies:
    "@babel/runtime" "^7.0.0"
    math.gl "^2.3.0"

"@luma.gl/webgl-state-tracker@7.2.0-beta.1":
  version "7.2.0-beta.1"
  resolved "https://registry.yarnpkg.com/@luma.gl/webgl-state-tracker/-/webgl-state-tracker-7.2.0-beta.1.tgz#f527dc5b190c7e946534378357c85e2301c051f1"
  integrity sha512-N2VOShI1M2+cZCsf327hH9n6sDfnsvhGtnd3JzgdCXfraDfAtmDshDiEzGTohuAueP/c5cEzq6WqsiaPmZQGcA==
  dependencies:
    "@babel/runtime" "^7.0.0"
    "@luma.gl/constants" "7.2.0-beta.1"

"@luma.gl/webgl2-polyfill@7.2.0-beta.1":
  version "7.2.0-beta.1"
  resolved "https://registry.yarnpkg.com/@luma.gl/webgl2-polyfill/-/webgl2-polyfill-7.2.0-beta.1.tgz#4ed96c83c25e80b57e8e91987ea08e3c133672b1"
  integrity sha512-+a4T6MLXFAA5RZIfnIEuNOOOrCwVClF6gBAKeSv8j9flUBJp78DbXmBlJffkr/Ny8acpjtYmWXzQON+xqAC7HQ==
  dependencies:
    "@babel/runtime" "^7.0.0"
    "@luma.gl/constants" "7.2.0-beta.1"

"@luma.gl/webgl@7.2.0-beta.1":
  version "7.2.0-beta.1"
  resolved "https://registry.yarnpkg.com/@luma.gl/webgl/-/webgl-7.2.0-beta.1.tgz#1f7d71590309bd45bccf8d50cbe93dfd57c1f058"
  integrity sha512-zIa39zm9wyDWqnm5Whx6SjMQhRAHlErGJXoeDy0s4IXxwLOakc6ZnH/BYB7c91IT7qFZxpISH4Lvmi1UplOk+A==
  dependencies:
    "@babel/runtime" "^7.0.0"
    "@luma.gl/constants" "7.2.0-beta.1"
    "@luma.gl/webgl-state-tracker" "7.2.0-beta.1"
    "@luma.gl/webgl2-polyfill" "7.2.0-beta.1"
    probe.gl "^3.0.2"

"@mapbox/tiny-sdf@^1.1.0":
  version "1.1.1"
  resolved "https://registry.yarnpkg.com/@mapbox/tiny-sdf/-/tiny-sdf-1.1.1.tgz#16a20c470741bfe9191deb336f46e194da4a91ff"
  integrity sha512-Ihn1nZcGIswJ5XGbgFAvVumOgWpvIjBX9jiRlIl46uQG9vJOF51ViBYHF95rEZupuyQbEmhLaDPLQlU7fUTsBg==

addon-tools-raub@4.2.0, addon-tools-raub@trxcllnt/addon-tools-raub#node12:
  version "4.2.0"
  resolved "https://codeload.github.com/trxcllnt/addon-tools-raub/tar.gz/91732dd2083ad0b195787174cd31a0b922b8f256"
  dependencies:
    nan "2.14.0"

cross-fetch@^3.1.5:
  version "3.1.5"
  resolved "https://registry.yarnpkg.com/cross-fetch/-/cross-fetch-3.1.5.tgz#e1389f44d9e7ba767907f7af8454787952ab534f"
  integrity sha512-lvb1SBsI0Z7GDwmuid+mU3kWVBwTVUbe7S0H52yaaAdQOXq2YktTCZdlAcNKFzE6QtRz0snpw9bNiPeOIkkQvw==
  dependencies:
    node-fetch "2.6.7"

deps-freeimage-raub@1.1.1:
  version "1.1.1"
  resolved "https://registry.yarnpkg.com/deps-freeimage-raub/-/deps-freeimage-raub-1.1.1.tgz#9b4d61a5a5843e7f7440b33c0ac9b5f414c6edec"
  integrity sha512-yTpb/x8QIdhWla7X/JJpfaXsqSZK8PvnUi+kzRRPQiFv2F+VOPnc/XDrgRkQX7GNpcvAKZhsQ084e+05xqua2Q==
  dependencies:
    addon-tools-raub "4.2.0"

deps-opengl-raub@2.3.0:
  version "2.3.0"
  resolved "https://registry.yarnpkg.com/deps-opengl-raub/-/deps-opengl-raub-2.3.0.tgz#98c0a11be5f157f2ce61a137b80c8c2d5ceebfe2"
  integrity sha512-+EiH/dqTVRJozJ1Ydfbu740eWmtofmd2nydzlBnf9x3Wf3d+AFD8e2uOlhOC9t6KzoayrTv4o1KdWAw6o4UWCA==
  dependencies:
    addon-tools-raub "4.2.0"

earcut@^2.0.6:
  version "2.1.5"
  resolved "https://registry.yarnpkg.com/earcut/-/earcut-2.1.5.tgz#829280a9a3a0f5fee0529f0a47c3e4eff09b21e4"
  integrity sha512-QFWC7ywTVLtvRAJTVp8ugsuuGQ5mVqNmJ1cRYeLrSHgP3nycr2RHTJob9OtM0v8ujuoKN0NY1a93J/omeTL1PA==

esm@3.2.25:
  version "3.2.25"
  resolved "https://registry.yarnpkg.com/esm/-/esm-3.2.25.tgz#342c18c29d56157688ba5ce31f8431fbb795cc10"
  integrity sha512-U1suiZ2oDVWv4zPO56S0NcR5QriEahGtdN2OR6FiOG4WJvcjBVFB0qI4+eKoWFH483PKGuLuu6V8Z4T5g63UVA==

gl-matrix@^3.0.0:
  version "3.0.0"
  resolved "https://registry.yarnpkg.com/gl-matrix/-/gl-matrix-3.0.0.tgz#888301ac7650e148c3865370e13ec66d08a8381f"
  integrity sha512-PD4mVH/C/Zs64kOozeFnKY8ybhgwxXXQYGWdB4h68krAHknWJgk9uKOn6z8YElh5//vs++90pb6csrTIDWnexA==

glfw-raub@3.1.3, glfw-raub@trxcllnt/glfw-raub#node12:
  version "3.1.3"
  uid "7f0728e45924de41f7e579d43552d1f6714a3f6d"
  resolved "https://codeload.github.com/trxcllnt/glfw-raub/tar.gz/7f0728e45924de41f7e579d43552d1f6714a3f6d"
  dependencies:
    addon-tools-raub "4.2.0"
    deps-opengl-raub "2.3.0"

hammerjs@^2.0.8:
  version "2.0.8"
  resolved "https://registry.yarnpkg.com/hammerjs/-/hammerjs-2.0.8.tgz#04ef77862cff2bb79d30f7692095930222bf60f1"
  integrity sha1-BO93hiz/K7edMPdpIJWTAiK/YPE=

image-raub@2.1.0:
  version "2.1.0"
  resolved "https://registry.yarnpkg.com/image-raub/-/image-raub-2.1.0.tgz#75fcd5adc3e10d862fb4bf55dd9f1edb3af115c2"
  integrity sha512-ksZvn7A3FjJz14gr229/EvnyUlUYW0P6StrU3mthdJVst0e6iIcjuCwLboy9JVGpP2hATAcQxIQmy+R9Vu/XIQ==
  dependencies:
    addon-tools-raub "4.2.0"
    deps-freeimage-raub "1.1.1"

math.gl@^2.3.0:
  version "2.3.3"
  resolved "https://registry.yarnpkg.com/math.gl/-/math.gl-2.3.3.tgz#69d07904507145c639835aefcd0ec5e790cd3046"
  integrity sha512-wZhx7574KHUpJVMzkaQ559zfn3R8iB0BOilwNrfL/fOLQfPo2TPWsKX96PdfS4svKA2XIGi3yfizrv2Redcv0g==
  dependencies:
    "@babel/runtime" "^7.0.0"
    gl-matrix "^3.0.0"

mjolnir.js@^2.1.2:
  version "2.2.1"
  resolved "https://registry.yarnpkg.com/mjolnir.js/-/mjolnir.js-2.2.1.tgz#84fc2352ff2ec58b061b0dab1a5ec67f3d2ad966"
  integrity sha512-bUTP/NbwOfdrN4TKMjUcarfGmWU5yN6aHFR1ek7BNuFOwHk4PslUZjKzdOp1jwx2m0uCoRa5lG+x82l8Vii7Ng==
  dependencies:
    "@babel/runtime" "^7.0.0"
    hammerjs "^2.0.8"

nan@2.14.0:
  version "2.14.0"
  resolved "https://registry.yarnpkg.com/nan/-/nan-2.14.0.tgz#7818f722027b2459a86f0295d434d1fc2336c52c"
  integrity sha512-INOFj37C7k3AfaNTtX8RhsTw7qRy7eLET14cROi9+5HAVbbHuIWUHEauBv5qT4Av2tWasiTY1Jw6puUNqRJXQg==

node-fetch@2.6.7:
  version "2.6.7"
  resolved "https://registry.yarnpkg.com/node-fetch/-/node-fetch-2.6.7.tgz#24de9fba827e3b4ae44dc8b20256a379160052ad"
  integrity sha512-ZjMPFEfVx5j+y2yF35Kzx5sF7kDzxuDj6ziH4FFbOp87zKDZNx8yExJIb05OGF4Nlt9IHFIMBkRl41VdvcNdbQ==
  dependencies:
    whatwg-url "^5.0.0"

probe.gl@^3.0.2:
  version "3.0.3"
  resolved "https://registry.yarnpkg.com/probe.gl/-/probe.gl-3.0.3.tgz#e4d13bbd38c5895b54b4740e72468e65d66ae584"
  integrity sha512-nkE+rh4m2JRQqorW327X7rVogknVmNvgrtcDG4F3OxckAIHSi4l/PUPy6GVaI6PIUJC7CYx4WYwcdgh4RUJe7A==
  dependencies:
    "@babel/runtime" "^7.0.0"

regenerator-runtime@^0.13.2:
  version "0.13.3"
  resolved "https://registry.yarnpkg.com/regenerator-runtime/-/regenerator-runtime-0.13.3.tgz#7cf6a77d8f5c6f60eb73c5fc1955b2ceb01e6bf5"
  integrity sha512-naKIZz2GQ8JWh///G7L3X6LaQUAMp2lvb1rvwwsURe/VXwD6VMfr+/1NuNw3ag8v2kY1aQ/go5SNn79O9JU7yw==

seer@^0.2.4:
  version "0.2.5"
  resolved "https://registry.yarnpkg.com/seer/-/seer-0.2.5.tgz#f0975153741f4d1c3916a144eef4738458bcb05a"
  integrity sha512-//0Zwt0x97KQhIWrp4oq9AVNvGA2ctCx4dmFddpkORjRr6bW+hyC8eOhWBVIhiU3uHv1XLU1dekfFKOi28RGHA==

threejs-raub@0.101.0:
  version "0.101.0"
  resolved "https://registry.yarnpkg.com/threejs-raub/-/threejs-raub-0.101.0.tgz#0b5370f0497d25dae2a6ded0d9017fb3c03e6ef1"
  integrity sha512-DbAQ3t1vQVJiBdZtpCAHr82iVAaYLZJdU7Dslbou/AHv7J/EuS9d4srx8jxO0P9re7hU0DpD60OucqVLG2nt2A==

tr46@~0.0.3:
  version "0.0.3"
  resolved "https://registry.yarnpkg.com/tr46/-/tr46-0.0.3.tgz#8184fd347dac9cdc185992f3a6622e14b9d9ab6a"
  integrity sha1-gYT9NH2snNwYWZLzpmIuFLnZq2o=

viewport-mercator-project@^6.1.0:
  version "6.1.1"
  resolved "https://registry.yarnpkg.com/viewport-mercator-project/-/viewport-mercator-project-6.1.1.tgz#d7b2cb3cb772b819f1daab17cf4019102a9102a6"
  integrity sha512-nI0GEmXnESwZxWSJuaQkdCnvOv6yckUfqqFbNB8KWVbQY3eUExVM4ZziqCVVs5mNznLjDF1auj6HLW5D5DKcng==
  dependencies:
    "@babel/runtime" "^7.0.0"
    gl-matrix "^3.0.0"

webgl-raub@1.3.0, webgl-raub@trxcllnt/webgl-raub#node12:
  version "1.3.0"
  uid e04a27554cfb9ff833eb87cb3d285c8fd1641a99
  resolved "https://codeload.github.com/trxcllnt/webgl-raub/tar.gz/e04a27554cfb9ff833eb87cb3d285c8fd1641a99"
  dependencies:
    addon-tools-raub "4.2.0"
    deps-opengl-raub "2.3.0"

webidl-conversions@^3.0.0:
  version "3.0.1"
  resolved "https://registry.yarnpkg.com/webidl-conversions/-/webidl-conversions-3.0.1.tgz#24534275e2a7bc6be7bc86611cc16ae0a5654871"
  integrity sha1-JFNCdeKnvGvnvIZhHMFq4KVlSHE=

whatwg-url@^5.0.0:
  version "5.0.0"
  resolved "https://registry.yarnpkg.com/whatwg-url/-/whatwg-url-5.0.0.tgz#966454e8765462e37644d3626f6742ce8b70965d"
  integrity sha1-lmRU6HZUYuN2RNNib2dCzotwll0=
  dependencies:
    tr46 "~0.0.3"
    webidl-conversions "^3.0.0"
